
Microsoft Visual Studio Solution File, Format Version 12.00
# Visual Studio Version 17
VisualStudioVersion = 17.14.36301.6 d17.14
MinimumVisualStudioVersion = 10.0.40219.1
Project("{FAE04EC0-301F-11D3-BF4B-00C04F79EFBC}") = "Trackify.API", "Trackify.API\Trackify.API.csproj", "{01971FF2-6087-4EF2-9DAD-FE75410FA2C4}"
EndProject
Project("{FAE04EC0-301F-11D3-BF4B-00C04F79EFBC}") = "Trackify", "Trackify\Trackify.csproj", "{08E15D85-A797-4522-8694-00619892A210}"
	ProjectSection(ProjectDependencies) = postProject
		{01971FF2-6087-4EF2-9DAD-FE75410FA2C4} = {01971FF2-6087-4EF2-9DAD-FE75410FA2C4}
	EndProjectSection
EndProject
Global
	GlobalSection(SolutionConfigurationPlatforms) = preSolution
		Debug|Any CPU = Debug|Any CPU
		Release|Any CPU = Release|Any CPU
	EndGlobalSection
	GlobalSection(ProjectConfigurationPlatforms) = postSolution
		{01971FF2-6087-4EF2-9DAD-FE75410FA2C4}.Debug|Any CPU.ActiveCfg = Debug|Any CPU
		{01971FF2-6087-4EF2-9DAD-FE75410FA2C4}.Debug|Any CPU.Build.0 = Debug|Any CPU
		{01971FF2-6087-4EF2-9DAD-FE75410FA2C4}.Release|Any CPU.ActiveCfg = Release|Any CPU
		{01971FF2-6087-4EF2-9DAD-FE75410FA2C4}.Release|Any CPU.Build.0 = Release|Any CPU
		{08E15D85-A797-4522-8694-00619892A210}.Debug|Any CPU.ActiveCfg = Debug|Any CPU
		{08E15D85-A797-4522-8694-00619892A210}.Debug|Any CPU.Build.0 = Debug|Any CPU
		{08E15D85-A797-4522-8694-00619892A210}.Debug|Any CPU.Deploy.0 = Debug|Any CPU
		{08E15D85-A797-4522-8694-00619892A210}.Release|Any CPU.ActiveCfg = Release|Any CPU
		{08E15D85-A797-4522-8694-00619892A210}.Release|Any CPU.Build.0 = Release|Any CPU
		{08E15D85-A797-4522-8694-00619892A210}.Release|Any CPU.Deploy.0 = Release|Any CPU
	EndGlobalSection
	GlobalSection(SolutionProperties) = preSolution
		HideSolutionNode = FALSE
	EndGlobalSection
	GlobalSection(ExtensibilityGlobals) = postSolution
		SolutionGuid = {E437770A-F864-4957-A88B-FE9F66ADFA4D}
	EndGlobalSection
EndGlobal
